PODS:
  - Flutter (1.0.0)
  - flutter_webview_plugin (0.0.1):
    - Flutter
  - Masonry (1.1.0)
  - MJRefresh (3.2.0)
  - UMCCommon (2.1.1)
  - UMCShare/Core (6.9.6):
    - UMCCommon
  - UMCShare/Social/Email (6.9.6):
    - UMCCommon
    - UMCShare/Core
  - UMCShare/Social/Facebook (6.9.6):
    - UMCCommon
    - UMCShare/Core
  - UMCShare/Social/QQ (6.9.6):
    - UMCCommon
    - UMCShare/Core
    - UMCShare/Social/ReducedQQ
  - UMCShare/Social/ReducedQQ (6.9.6):
    - UMCCommon
    - UMCShare/Core
  - UMCShare/Social/ReducedSina (6.9.6):
    - UMCCommon
    - UMCShare/Core
  - UMCShare/Social/ReducedWeChat (6.9.6):
    - UMCCommon
    - UMCShare/Core
  - UMCShare/Social/Sina (6.9.6):
    - UMCCommon
    - UMCShare/Core
    - UMCShare/Social/ReducedSina
  - UMCShare/Social/Twitter (6.9.6):
    - UMCCommon
    - UMCShare/Core
  - UMCShare/Social/WeChat (6.9.6):
    - UMCCommon
    - UMCShare/Core
    - UMCShare/Social/ReducedWeChat
  - UMCShare/Social/WhatsApp (6.9.6):
    - UMCCommon
    - UMCShare/Core
  - UMCShare/UI (6.9.6):
    - UMCCommon
    - UMCShare/Core
  - video_player (0.0.1):
    - Flutter

DEPENDENCIES:
  - Flutter (from `.symlinks/flutter/ios`)
  - flutter_webview_plugin (from `.symlinks/plugins/flutter_webview_plugin/ios`)
  - Masonry
  - MJRefresh
  - UMCShare/Social/Email
  - UMCShare/Social/Facebook
  - UMCShare/Social/QQ
  - UMCShare/Social/Sina
  - UMCShare/Social/Twitter
  - UMCShare/Social/WeChat
  - UMCShare/Social/WhatsApp
  - UMCShare/UI
  - video_player (from `.symlinks/plugins/video_player/ios`)

SPEC REPOS:
  https://github.com/CocoaPods/Specs.git:
    - Masonry
    - MJRefresh
    - UMCCommon
    - UMCShare

EXTERNAL SOURCES:
  Flutter:
    :path: ".symlinks/flutter/ios"
  flutter_webview_plugin:
    :path: ".symlinks/plugins/flutter_webview_plugin/ios"
  video_player:
    :path: ".symlinks/plugins/video_player/ios"

SPEC CHECKSUMS:
  Flutter: 58dd7d1b27887414a370fcccb9e645c08ffd7a6a
  flutter_webview_plugin: ed9e8a6a96baf0c867e90e1bce2673913eeac694
  Masonry: 678fab65091a9290e40e2832a55e7ab731aad201
  MJRefresh: ed450d6eb9d3346a2cb033ab7eb6de090aeef437
  UMCCommon: 971f324a5a99c9d662ae040a815e7e3d7ef8b2a8
  UMCShare: e0cef55c0fd6051254c8cda1d0630eb578b27bad
  video_player: 3964090a33353060ed7f58aa6427c7b4b208ec21

PODFILE CHECKSUM: 109d702ea983967829870e1211c2320064aa5c68

COCOAPODS: 1.8.4
